
Microsoft Visual Studio Solution File, Format Version 12.00
# Visual Studio Version 17
VisualStudioVersion = 17.14.36109.1
MinimumVisualStudioVersion = 10.0.40219.1
Project("{8BC9CEB8-8B4A-11D0-8D11-00A0C91BC942}") = "Chapter3_8", "Chapter3_8\Chapter3_8.vcxproj", "{595DB191-4159-46C2-835E-D2FE26F6B4DC}"
EndProject
Project("{8BC9CEB8-8B4A-11D0-8D11-00A0C91BC942}") = "Chapter3_9", "Chapter3_9\Chapter3_9.vcxproj", "{F181CE65-E520-4818-8C4A-7AC9E2A838CB}"
EndProject
Project("{8BC9CEB8-8B4A-11D0-8D11-00A0C91BC942}") = "Chapter4_2", "Chapter4_2\Chapter4_2.vcxproj", "{D86D9DB5-71EB-464C-80EE-69F7538B4BDC}"
EndProject
Project("{8BC9CEB8-8B4A-11D0-8D11-00A0C91BC942}") = "Chapter5_10", "Chapter5_10\Chapter5_10.vcxproj", "{6BCB204E-375E-4520-BC82-58EDEF138C7F}"
EndProject
Project("{8BC9CEB8-8B4A-11D0-8D11-00A0C91BC942}") = "Chapter6_3", "Chapter6_3\Chapter6_3.vcxproj", "{058FB9FC-3B33-4AB1-972F-121DA238F9C7}"
EndProject
Project("{8BC9CEB8-8B4A-11D0-8D11-00A0C91BC942}") = "Chapter6_4", "Chapter6_4\Chapter6_4.vcxproj", "{DE259445-5068-4962-8EC8-7E165EA352BE}"
EndProject
Project("{8BC9CEB8-8B4A-11D0-8D11-00A0C91BC942}") = "Chapter6_6", "Chapter6_6\Chapter6_6.vcxproj", "{0DF537CE-F75E-4B42-B591-68120375260D}"
EndProject
Project("{8BC9CEB8-8B4A-11D0-8D11-00A0C91BC942}") = "Chapter7_13", "Chapter7_13\Chapter7_13.vcxproj", "{4D9FA564-493D-4E21-954F-FE3E813B68BD}"
EndProject
Project("{8BC9CEB8-8B4A-11D0-8D11-00A0C91BC942}") = "Chapter7_15", "Chapter7_15\Chapter7_15.vcxproj", "{08BF77A2-971D-4DD7-BA4D-2C8710458D60}"
EndProject
Project("{8BC9CEB8-8B4A-11D0-8D11-00A0C91BC942}") = "Chapter7_16", "Chapter7_16\Chapter7_16.vcxproj", "{85545F87-0617-43E4-AEC9-D82CB7698611}"
EndProject
Project("{8BC9CEB8-8B4A-11D0-8D11-00A0C91BC942}") = "Chapter8_11", "Chapter8_11\Chapter8_11.vcxproj", "{B344A1E2-B078-4E64-9DF3-04D2A7387861}"
EndProject
Project("{8BC9CEB8-8B4A-11D0-8D11-00A0C91BC942}") = "Chapter8_15", "Chapter8_15\Chapter8_15.vcxproj", "{13451D5F-36E7-4356-B314-23D3276B2770}"
EndProject
Project("{8BC9CEB8-8B4A-11D0-8D11-00A0C91BC942}") = "Chapter9_01", "Chapter9_01\Chapter9_01.vcxproj", "{B19DF1FF-C4D4-4255-8EC1-21F258B57CFD}"
EndProject
Project("{8BC9CEB8-8B4A-11D0-8D11-00A0C91BC942}") = "Chapter9_02", "Chapter9_02\Chapter9_02.vcxproj", "{BBD39060-0833-46AC-B154-BE085F9C5162}"
EndProject
Project("{8BC9CEB8-8B4A-11D0-8D11-00A0C91BC942}") = "Chapter9_03", "Chapter9_03\Chapter9_03.vcxproj", "{1FC5D073-AB1D-433C-BC10-3ACBEE028B6A}"
EndProject
Project("{8BC9CEB8-8B4A-11D0-8D11-00A0C91BC942}") = "Chapter10_01", "Chapter10_01\Chapter10_01.vcxproj", "{35A16912-F925-458B-83BF-127219A64BEB}"
EndProject
Project("{8BC9CEB8-8B4A-11D0-8D11-00A0C91BC942}") = "Chapter10_02", "Chapter10_02\Chapter10_02.vcxproj", "{435D2832-0532-4ED9-83BD-5BF726BFC549}"
EndProject
Project("{8BC9CEB8-8B4A-11D0-8D11-00A0C91BC942}") = "Chapter10_03", "Chapter10_03\Chapter10_03.vcxproj", "{E6A1AE1F-CAC0-4F7E-84FA-A5CAD71F895C}"
EndProject
Project("{8BC9CEB8-8B4A-11D0-8D11-00A0C91BC942}") = "Chapter10_04", "Chapter10_04\Chapter10_04.vcxproj", "{B685390E-B54A-4C9F-8063-2282C08F67A8}"
EndProject
Project("{8BC9CEB8-8B4A-11D0-8D11-00A0C91BC942}") = "Chapter10_05", "Chapter10_05\Chapter10_05.vcxproj", "{ADE69AD3-46D4-4446-88D5-0F866D2157B1}"
EndProject
Project("{8BC9CEB8-8B4A-11D0-8D11-00A0C91BC942}") = "Chapter11_01", "Chapter11_01\Chapter11_01.vcxproj", "{518121BA-AEC0-48A7-B8B5-5C0BA1329AB2}"
EndProject
Project("{8BC9CEB8-8B4A-11D0-8D11-00A0C91BC942}") = "Chapter11_02", "Chapter11_02\Chapter11_02.vcxproj", "{BBBEA78F-17DB-4498-BFCF-35146BC7908C}"
EndProject
Project("{8BC9CEB8-8B4A-11D0-8D11-00A0C91BC942}") = "Chapter11_03", "Chapter11_03\Chapter11_03.vcxproj", "{E75C57BE-5E18-46C9-9291-CF01F1B996C4}"
EndProject
Project("{8BC9CEB8-8B4A-11D0-8D11-00A0C91BC942}") = "Chapter12_01", "Chapter12_01\Chapter12_01.vcxproj", "{90185625-FA83-434B-B99F-11B62DDAE49E}"
EndProject
Project("{8BC9CEB8-8B4A-11D0-8D11-00A0C91BC942}") = "Chapter12_02", "Chapter12_02\Chapter12_02.vcxproj", "{A44AC664-93B4-4C23-A3AB-33E7273ED7AD}"
EndProject
Project("{8BC9CEB8-8B4A-11D0-8D11-00A0C91BC942}") = "Chapter12_03", "Chapter12_03\Chapter12_03.vcxproj", "{BB6F5D12-2DD1-4E3A-A93D-173CDC08BBE0}"
EndProject
Project("{8BC9CEB8-8B4A-11D0-8D11-00A0C91BC942}") = "Chapter12_06", "Chapter12_06\Chapter12_06.vcxproj", "{B3DD127B-2A5D-4680-B6DE-C85988A71AD5}"
EndProject
Global
	GlobalSection(SolutionConfigurationPlatforms) = preSolution
		Debug|x64 = Debug|x64
		Debug|x86 = Debug|x86
		Release|x64 = Release|x64
		Release|x86 = Release|x86
	EndGlobalSection
	GlobalSection(ProjectConfigurationPlatforms) = postSolution
		{595DB191-4159-46C2-835E-D2FE26F6B4DC}.Debug|x64.ActiveCfg = Debug|x64
		{595DB191-4159-46C2-835E-D2FE26F6B4DC}.Debug|x64.Build.0 = Debug|x64
		{595DB191-4159-46C2-835E-D2FE26F6B4DC}.Debug|x86.ActiveCfg = Debug|Win32
		{595DB191-4159-46C2-835E-D2FE26F6B4DC}.Debug|x86.Build.0 = Debug|Win32
		{595DB191-4159-46C2-835E-D2FE26F6B4DC}.Release|x64.ActiveCfg = Release|x64
		{595DB191-4159-46C2-835E-D2FE26F6B4DC}.Release|x64.Build.0 = Release|x64
		{595DB191-4159-46C2-835E-D2FE26F6B4DC}.Release|x86.ActiveCfg = Release|Win32
		{595DB191-4159-46C2-835E-D2FE26F6B4DC}.Release|x86.Build.0 = Release|Win32
		{F181CE65-E520-4818-8C4A-7AC9E2A838CB}.Debug|x64.ActiveCfg = Debug|x64
		{F181CE65-E520-4818-8C4A-7AC9E2A838CB}.Debug|x64.Build.0 = Debug|x64
		{F181CE65-E520-4818-8C4A-7AC9E2A838CB}.Debug|x86.ActiveCfg = Debug|Win32
		{F181CE65-E520-4818-8C4A-7AC9E2A838CB}.Debug|x86.Build.0 = Debug|Win32
		{F181CE65-E520-4818-8C4A-7AC9E2A838CB}.Release|x64.ActiveCfg = Release|x64
		{F181CE65-E520-4818-8C4A-7AC9E2A838CB}.Release|x64.Build.0 = Release|x64
		{F181CE65-E520-4818-8C4A-7AC9E2A838CB}.Release|x86.ActiveCfg = Release|Win32
		{F181CE65-E520-4818-8C4A-7AC9E2A838CB}.Release|x86.Build.0 = Release|Win32
		{D86D9DB5-71EB-464C-80EE-69F7538B4BDC}.Debug|x64.ActiveCfg = Debug|x64
		{D86D9DB5-71EB-464C-80EE-69F7538B4BDC}.Debug|x64.Build.0 = Debug|x64
		{D86D9DB5-71EB-464C-80EE-69F7538B4BDC}.Debug|x86.ActiveCfg = Debug|Win32
		{D86D9DB5-71EB-464C-80EE-69F7538B4BDC}.Debug|x86.Build.0 = Debug|Win32
		{D86D9DB5-71EB-464C-80EE-69F7538B4BDC}.Release|x64.ActiveCfg = Release|x64
		{D86D9DB5-71EB-464C-80EE-69F7538B4BDC}.Release|x64.Build.0 = Release|x64
		{D86D9DB5-71EB-464C-80EE-69F7538B4BDC}.Release|x86.ActiveCfg = Release|Win32
		{D86D9DB5-71EB-464C-80EE-69F7538B4BDC}.Release|x86.Build.0 = Release|Win32
		{6BCB204E-375E-4520-BC82-58EDEF138C7F}.Debug|x64.ActiveCfg = Debug|x64
		{6BCB204E-375E-4520-BC82-58EDEF138C7F}.Debug|x64.Build.0 = Debug|x64
		{6BCB204E-375E-4520-BC82-58EDEF138C7F}.Debug|x86.ActiveCfg = Debug|Win32
		{6BCB204E-375E-4520-BC82-58EDEF138C7F}.Debug|x86.Build.0 = Debug|Win32
		{6BCB204E-375E-4520-BC82-58EDEF138C7F}.Release|x64.ActiveCfg = Release|x64
		{6BCB204E-375E-4520-BC82-58EDEF138C7F}.Release|x64.Build.0 = Release|x64
		{6BCB204E-375E-4520-BC82-58EDEF138C7F}.Release|x86.ActiveCfg = Release|Win32
		{6BCB204E-375E-4520-BC82-58EDEF138C7F}.Release|x86.Build.0 = Release|Win32
		{058FB9FC-3B33-4AB1-972F-121DA238F9C7}.Debug|x64.ActiveCfg = Debug|x64
		{058FB9FC-3B33-4AB1-972F-121DA238F9C7}.Debug|x64.Build.0 = Debug|x64
		{058FB9FC-3B33-4AB1-972F-121DA238F9C7}.Debug|x86.ActiveCfg = Debug|Win32
		{058FB9FC-3B33-4AB1-972F-121DA238F9C7}.Debug|x86.Build.0 = Debug|Win32
		{058FB9FC-3B33-4AB1-972F-121DA238F9C7}.Release|x64.ActiveCfg = Release|x64
		{058FB9FC-3B33-4AB1-972F-121DA238F9C7}.Release|x64.Build.0 = Release|x64
		{058FB9FC-3B33-4AB1-972F-121DA238F9C7}.Release|x86.ActiveCfg = Release|Win32
		{058FB9FC-3B33-4AB1-972F-121DA238F9C7}.Release|x86.Build.0 = Release|Win32
		{DE259445-5068-4962-8EC8-7E165EA352BE}.Debug|x64.ActiveCfg = Debug|x64
		{DE259445-5068-4962-8EC8-7E165EA352BE}.Debug|x64.Build.0 = Debug|x64
		{DE259445-5068-4962-8EC8-7E165EA352BE}.Debug|x86.ActiveCfg = Debug|Win32
		{DE259445-5068-4962-8EC8-7E165EA352BE}.Debug|x86.Build.0 = Debug|Win32
		{DE259445-5068-4962-8EC8-7E165EA352BE}.Release|x64.ActiveCfg = Release|x64
		{DE259445-5068-4962-8EC8-7E165EA352BE}.Release|x64.Build.0 = Release|x64
		{DE259445-5068-4962-8EC8-7E165EA352BE}.Release|x86.ActiveCfg = Release|Win32
		{DE259445-5068-4962-8EC8-7E165EA352BE}.Release|x86.Build.0 = Release|Win32
		{0DF537CE-F75E-4B42-B591-68120375260D}.Debug|x64.ActiveCfg = Debug|x64
		{0DF537CE-F75E-4B42-B591-68120375260D}.Debug|x64.Build.0 = Debug|x64
		{0DF537CE-F75E-4B42-B591-68120375260D}.Debug|x86.ActiveCfg = Debug|Win32
		{0DF537CE-F75E-4B42-B591-68120375260D}.Debug|x86.Build.0 = Debug|Win32
		{0DF537CE-F75E-4B42-B591-68120375260D}.Release|x64.ActiveCfg = Release|x64
		{0DF537CE-F75E-4B42-B591-68120375260D}.Release|x64.Build.0 = Release|x64
		{0DF537CE-F75E-4B42-B591-68120375260D}.Release|x86.ActiveCfg = Release|Win32
		{0DF537CE-F75E-4B42-B591-68120375260D}.Release|x86.Build.0 = Release|Win32
		{4D9FA564-493D-4E21-954F-FE3E813B68BD}.Debug|x64.ActiveCfg = Debug|x64
		{4D9FA564-493D-4E21-954F-FE3E813B68BD}.Debug|x64.Build.0 = Debug|x64
		{4D9FA564-493D-4E21-954F-FE3E813B68BD}.Debug|x86.ActiveCfg = Debug|Win32
		{4D9FA564-493D-4E21-954F-FE3E813B68BD}.Debug|x86.Build.0 = Debug|Win32
		{4D9FA564-493D-4E21-954F-FE3E813B68BD}.Release|x64.ActiveCfg = Release|x64
		{4D9FA564-493D-4E21-954F-FE3E813B68BD}.Release|x64.Build.0 = Release|x64
		{4D9FA564-493D-4E21-954F-FE3E813B68BD}.Release|x86.ActiveCfg = Release|Win32
		{4D9FA564-493D-4E21-954F-FE3E813B68BD}.Release|x86.Build.0 = Release|Win32
		{08BF77A2-971D-4DD7-BA4D-2C8710458D60}.Debug|x64.ActiveCfg = Debug|x64
		{08BF77A2-971D-4DD7-BA4D-2C8710458D60}.Debug|x64.Build.0 = Debug|x64
		{08BF77A2-971D-4DD7-BA4D-2C8710458D60}.Debug|x86.ActiveCfg = Debug|Win32
		{08BF77A2-971D-4DD7-BA4D-2C8710458D60}.Debug|x86.Build.0 = Debug|Win32
		{08BF77A2-971D-4DD7-BA4D-2C8710458D60}.Release|x64.ActiveCfg = Release|x64
		{08BF77A2-971D-4DD7-BA4D-2C8710458D60}.Release|x64.Build.0 = Release|x64
		{08BF77A2-971D-4DD7-BA4D-2C8710458D60}.Release|x86.ActiveCfg = Release|Win32
		{08BF77A2-971D-4DD7-BA4D-2C8710458D60}.Release|x86.Build.0 = Release|Win32
		{85545F87-0617-43E4-AEC9-D82CB7698611}.Debug|x64.ActiveCfg = Debug|x64
		{85545F87-0617-43E4-AEC9-D82CB7698611}.Debug|x64.Build.0 = Debug|x64
		{85545F87-0617-43E4-AEC9-D82CB7698611}.Debug|x86.ActiveCfg = Debug|Win32
		{85545F87-0617-43E4-AEC9-D82CB7698611}.Debug|x86.Build.0 = Debug|Win32
		{85545F87-0617-43E4-AEC9-D82CB7698611}.Release|x64.ActiveCfg = Release|x64
		{85545F87-0617-43E4-AEC9-D82CB7698611}.Release|x64.Build.0 = Release|x64
		{85545F87-0617-43E4-AEC9-D82CB7698611}.Release|x86.ActiveCfg = Release|Win32
		{85545F87-0617-43E4-AEC9-D82CB7698611}.Release|x86.Build.0 = Release|Win32
		{B344A1E2-B078-4E64-9DF3-04D2A7387861}.Debug|x64.ActiveCfg = Debug|x64
		{B344A1E2-B078-4E64-9DF3-04D2A7387861}.Debug|x64.Build.0 = Debug|x64
		{B344A1E2-B078-4E64-9DF3-04D2A7387861}.Debug|x86.ActiveCfg = Debug|Win32
		{B344A1E2-B078-4E64-9DF3-04D2A7387861}.Debug|x86.Build.0 = Debug|Win32
		{B344A1E2-B078-4E64-9DF3-04D2A7387861}.Release|x64.ActiveCfg = Release|x64
		{B344A1E2-B078-4E64-9DF3-04D2A7387861}.Release|x64.Build.0 = Release|x64
		{B344A1E2-B078-4E64-9DF3-04D2A7387861}.Release|x86.ActiveCfg = Release|Win32
		{B344A1E2-B078-4E64-9DF3-04D2A7387861}.Release|x86.Build.0 = Release|Win32
		{13451D5F-36E7-4356-B314-23D3276B2770}.Debug|x64.ActiveCfg = Debug|x64
		{13451D5F-36E7-4356-B314-23D3276B2770}.Debug|x64.Build.0 = Debug|x64
		{13451D5F-36E7-4356-B314-23D3276B2770}.Debug|x86.ActiveCfg = Debug|Win32
		{13451D5F-36E7-4356-B314-23D3276B2770}.Debug|x86.Build.0 = Debug|Win32
		{13451D5F-36E7-4356-B314-23D3276B2770}.Release|x64.ActiveCfg = Release|x64
		{13451D5F-36E7-4356-B314-23D3276B2770}.Release|x64.Build.0 = Release|x64
		{13451D5F-36E7-4356-B314-23D3276B2770}.Release|x86.ActiveCfg = Release|Win32
		{13451D5F-36E7-4356-B314-23D3276B2770}.Release|x86.Build.0 = Release|Win32
		{B19DF1FF-C4D4-4255-8EC1-21F258B57CFD}.Debug|x64.ActiveCfg = Debug|x64
		{B19DF1FF-C4D4-4255-8EC1-21F258B57CFD}.Debug|x64.Build.0 = Debug|x64
		{B19DF1FF-C4D4-4255-8EC1-21F258B57CFD}.Debug|x86.ActiveCfg = Debug|Win32
		{B19DF1FF-C4D4-4255-8EC1-21F258B57CFD}.Debug|x86.Build.0 = Debug|Win32
		{B19DF1FF-C4D4-4255-8EC1-21F258B57CFD}.Release|x64.ActiveCfg = Release|x64
		{B19DF1FF-C4D4-4255-8EC1-21F258B57CFD}.Release|x64.Build.0 = Release|x64
		{B19DF1FF-C4D4-4255-8EC1-21F258B57CFD}.Release|x86.ActiveCfg = Release|Win32
		{B19DF1FF-C4D4-4255-8EC1-21F258B57CFD}.Release|x86.Build.0 = Release|Win32
		{BBD39060-0833-46AC-B154-BE085F9C5162}.Debug|x64.ActiveCfg = Debug|x64
		{BBD39060-0833-46AC-B154-BE085F9C5162}.Debug|x64.Build.0 = Debug|x64
		{BBD39060-0833-46AC-B154-BE085F9C5162}.Debug|x86.ActiveCfg = Debug|Win32
		{BBD39060-0833-46AC-B154-BE085F9C5162}.Debug|x86.Build.0 = Debug|Win32
		{BBD39060-0833-46AC-B154-BE085F9C5162}.Release|x64.ActiveCfg = Release|x64
		{BBD39060-0833-46AC-B154-BE085F9C5162}.Release|x64.Build.0 = Release|x64
		{BBD39060-0833-46AC-B154-BE085F9C5162}.Release|x86.ActiveCfg = Release|Win32
		{BBD39060-0833-46AC-B154-BE085F9C5162}.Release|x86.Build.0 = Release|Win32
		{1FC5D073-AB1D-433C-BC10-3ACBEE028B6A}.Debug|x64.ActiveCfg = Debug|x64
		{1FC5D073-AB1D-433C-BC10-3ACBEE028B6A}.Debug|x64.Build.0 = Debug|x64
		{1FC5D073-AB1D-433C-BC10-3ACBEE028B6A}.Debug|x86.ActiveCfg = Debug|Win32
		{1FC5D073-AB1D-433C-BC10-3ACBEE028B6A}.Debug|x86.Build.0 = Debug|Win32
		{1FC5D073-AB1D-433C-BC10-3ACBEE028B6A}.Release|x64.ActiveCfg = Release|x64
		{1FC5D073-AB1D-433C-BC10-3ACBEE028B6A}.Release|x64.Build.0 = Release|x64
		{1FC5D073-AB1D-433C-BC10-3ACBEE028B6A}.Release|x86.ActiveCfg = Release|Win32
		{1FC5D073-AB1D-433C-BC10-3ACBEE028B6A}.Release|x86.Build.0 = Release|Win32
		{35A16912-F925-458B-83BF-127219A64BEB}.Debug|x64.ActiveCfg = Debug|x64
		{35A16912-F925-458B-83BF-127219A64BEB}.Debug|x64.Build.0 = Debug|x64
		{35A16912-F925-458B-83BF-127219A64BEB}.Debug|x86.ActiveCfg = Debug|Win32
		{35A16912-F925-458B-83BF-127219A64BEB}.Debug|x86.Build.0 = Debug|Win32
		{35A16912-F925-458B-83BF-127219A64BEB}.Release|x64.ActiveCfg = Release|x64
		{35A16912-F925-458B-83BF-127219A64BEB}.Release|x64.Build.0 = Release|x64
		{35A16912-F925-458B-83BF-127219A64BEB}.Release|x86.ActiveCfg = Release|Win32
		{35A16912-F925-458B-83BF-127219A64BEB}.Release|x86.Build.0 = Release|Win32
		{435D2832-0532-4ED9-83BD-5BF726BFC549}.Debug|x64.ActiveCfg = Debug|x64
		{435D2832-0532-4ED9-83BD-5BF726BFC549}.Debug|x64.Build.0 = Debug|x64
		{435D2832-0532-4ED9-83BD-5BF726BFC549}.Debug|x86.ActiveCfg = Debug|Win32
		{435D2832-0532-4ED9-83BD-5BF726BFC549}.Debug|x86.Build.0 = Debug|Win32
		{435D2832-0532-4ED9-83BD-5BF726BFC549}.Release|x64.ActiveCfg = Release|x64
		{435D2832-0532-4ED9-83BD-5BF726BFC549}.Release|x64.Build.0 = Release|x64
		{435D2832-0532-4ED9-83BD-5BF726BFC549}.Release|x86.ActiveCfg = Release|Win32
		{435D2832-0532-4ED9-83BD-5BF726BFC549}.Release|x86.Build.0 = Release|Win32
		{E6A1AE1F-CAC0-4F7E-84FA-A5CAD71F895C}.Debug|x64.ActiveCfg = Debug|x64
		{E6A1AE1F-CAC0-4F7E-84FA-A5CAD71F895C}.Debug|x64.Build.0 = Debug|x64
		{E6A1AE1F-CAC0-4F7E-84FA-A5CAD71F895C}.Debug|x86.ActiveCfg = Debug|Win32
		{E6A1AE1F-CAC0-4F7E-84FA-A5CAD71F895C}.Debug|x86.Build.0 = Debug|Win32
		{E6A1AE1F-CAC0-4F7E-84FA-A5CAD71F895C}.Release|x64.ActiveCfg = Release|x64
		{E6A1AE1F-CAC0-4F7E-84FA-A5CAD71F895C}.Release|x64.Build.0 = Release|x64
		{E6A1AE1F-CAC0-4F7E-84FA-A5CAD71F895C}.Release|x86.ActiveCfg = Release|Win32
		{E6A1AE1F-CAC0-4F7E-84FA-A5CAD71F895C}.Release|x86.Build.0 = Release|Win32
		{B685390E-B54A-4C9F-8063-2282C08F67A8}.Debug|x64.ActiveCfg = Debug|x64
		{B685390E-B54A-4C9F-8063-2282C08F67A8}.Debug|x64.Build.0 = Debug|x64
		{B685390E-B54A-4C9F-8063-2282C08F67A8}.Debug|x86.ActiveCfg = Debug|Win32
		{B685390E-B54A-4C9F-8063-2282C08F67A8}.Debug|x86.Build.0 = Debug|Win32
		{B685390E-B54A-4C9F-8063-2282C08F67A8}.Release|x64.ActiveCfg = Release|x64
		{B685390E-B54A-4C9F-8063-2282C08F67A8}.Release|x64.Build.0 = Release|x64
		{B685390E-B54A-4C9F-8063-2282C08F67A8}.Release|x86.ActiveCfg = Release|Win32
		{B685390E-B54A-4C9F-8063-2282C08F67A8}.Release|x86.Build.0 = Release|Win32
		{ADE69AD3-46D4-4446-88D5-0F866D2157B1}.Debug|x64.ActiveCfg = Debug|x64
		{ADE69AD3-46D4-4446-88D5-0F866D2157B1}.Debug|x64.Build.0 = Debug|x64
		{ADE69AD3-46D4-4446-88D5-0F866D2157B1}.Debug|x86.ActiveCfg = Debug|Win32
		{ADE69AD3-46D4-4446-88D5-0F866D2157B1}.Debug|x86.Build.0 = Debug|Win32
		{ADE69AD3-46D4-4446-88D5-0F866D2157B1}.Release|x64.ActiveCfg = Release|x64
		{ADE69AD3-46D4-4446-88D5-0F866D2157B1}.Release|x64.Build.0 = Release|x64
		{ADE69AD3-46D4-4446-88D5-0F866D2157B1}.Release|x86.ActiveCfg = Release|Win32
		{ADE69AD3-46D4-4446-88D5-0F866D2157B1}.Release|x86.Build.0 = Release|Win32
		{518121BA-AEC0-48A7-B8B5-5C0BA1329AB2}.Debug|x64.ActiveCfg = Debug|x64
		{518121BA-AEC0-48A7-B8B5-5C0BA1329AB2}.Debug|x64.Build.0 = Debug|x64
		{518121BA-AEC0-48A7-B8B5-5C0BA1329AB2}.Debug|x86.ActiveCfg = Debug|Win32
		{518121BA-AEC0-48A7-B8B5-5C0BA1329AB2}.Debug|x86.Build.0 = Debug|Win32
		{518121BA-AEC0-48A7-B8B5-5C0BA1329AB2}.Release|x64.ActiveCfg = Release|x64
		{518121BA-AEC0-48A7-B8B5-5C0BA1329AB2}.Release|x64.Build.0 = Release|x64
		{518121BA-AEC0-48A7-B8B5-5C0BA1329AB2}.Release|x86.ActiveCfg = Release|Win32
		{518121BA-AEC0-48A7-B8B5-5C0BA1329AB2}.Release|x86.Build.0 = Release|Win32
		{BBBEA78F-17DB-4498-BFCF-35146BC7908C}.Debug|x64.ActiveCfg = Debug|x64
		{BBBEA78F-17DB-4498-BFCF-35146BC7908C}.Debug|x64.Build.0 = Debug|x64
		{BBBEA78F-17DB-4498-BFCF-35146BC7908C}.Debug|x86.ActiveCfg = Debug|Win32
		{BBBEA78F-17DB-4498-BFCF-35146BC7908C}.Debug|x86.Build.0 = Debug|Win32
		{BBBEA78F-17DB-4498-BFCF-35146BC7908C}.Release|x64.ActiveCfg = Release|x64
		{BBBEA78F-17DB-4498-BFCF-35146BC7908C}.Release|x64.Build.0 = Release|x64
		{BBBEA78F-17DB-4498-BFCF-35146BC7908C}.Release|x86.ActiveCfg = Release|Win32
		{BBBEA78F-17DB-4498-BFCF-35146BC7908C}.Release|x86.Build.0 = Release|Win32
		{E75C57BE-5E18-46C9-9291-CF01F1B996C4}.Debug|x64.ActiveCfg = Debug|x64
		{E75C57BE-5E18-46C9-9291-CF01F1B996C4}.Debug|x64.Build.0 = Debug|x64
		{E75C57BE-5E18-46C9-9291-CF01F1B996C4}.Debug|x86.ActiveCfg = Debug|Win32
		{E75C57BE-5E18-46C9-9291-CF01F1B996C4}.Debug|x86.Build.0 = Debug|Win32
		{E75C57BE-5E18-46C9-9291-CF01F1B996C4}.Release|x64.ActiveCfg = Release|x64
		{E75C57BE-5E18-46C9-9291-CF01F1B996C4}.Release|x64.Build.0 = Release|x64
		{E75C57BE-5E18-46C9-9291-CF01F1B996C4}.Release|x86.ActiveCfg = Release|Win32
		{E75C57BE-5E18-46C9-9291-CF01F1B996C4}.Release|x86.Build.0 = Release|Win32
		{90185625-FA83-434B-B99F-11B62DDAE49E}.Debug|x64.ActiveCfg = Debug|x64
		{90185625-FA83-434B-B99F-11B62DDAE49E}.Debug|x64.Build.0 = Debug|x64
		{90185625-FA83-434B-B99F-11B62DDAE49E}.Debug|x86.ActiveCfg = Debug|Win32
		{90185625-FA83-434B-B99F-11B62DDAE49E}.Debug|x86.Build.0 = Debug|Win32
		{90185625-FA83-434B-B99F-11B62DDAE49E}.Release|x64.ActiveCfg = Release|x64
		{90185625-FA83-434B-B99F-11B62DDAE49E}.Release|x64.Build.0 = Release|x64
		{90185625-FA83-434B-B99F-11B62DDAE49E}.Release|x86.ActiveCfg = Release|Win32
		{90185625-FA83-434B-B99F-11B62DDAE49E}.Release|x86.Build.0 = Release|Win32
		{A44AC664-93B4-4C23-A3AB-33E7273ED7AD}.Debug|x64.ActiveCfg = Debug|x64
		{A44AC664-93B4-4C23-A3AB-33E7273ED7AD}.Debug|x64.Build.0 = Debug|x64
		{A44AC664-93B4-4C23-A3AB-33E7273ED7AD}.Debug|x86.ActiveCfg = Debug|Win32
		{A44AC664-93B4-4C23-A3AB-33E7273ED7AD}.Debug|x86.Build.0 = Debug|Win32
		{A44AC664-93B4-4C23-A3AB-33E7273ED7AD}.Release|x64.ActiveCfg = Release|x64
		{A44AC664-93B4-4C23-A3AB-33E7273ED7AD}.Release|x64.Build.0 = Release|x64
		{A44AC664-93B4-4C23-A3AB-33E7273ED7AD}.Release|x86.ActiveCfg = Release|Win32
		{A44AC664-93B4-4C23-A3AB-33E7273ED7AD}.Release|x86.Build.0 = Release|Win32
		{BB6F5D12-2DD1-4E3A-A93D-173CDC08BBE0}.Debug|x64.ActiveCfg = Debug|x64
		{BB6F5D12-2DD1-4E3A-A93D-173CDC08BBE0}.Debug|x64.Build.0 = Debug|x64
		{BB6F5D12-2DD1-4E3A-A93D-173CDC08BBE0}.Debug|x86.ActiveCfg = Debug|Win32
		{BB6F5D12-2DD1-4E3A-A93D-173CDC08BBE0}.Debug|x86.Build.0 = Debug|Win32
		{BB6F5D12-2DD1-4E3A-A93D-173CDC08BBE0}.Release|x64.ActiveCfg = Release|x64
		{BB6F5D12-2DD1-4E3A-A93D-173CDC08BBE0}.Release|x64.Build.0 = Release|x64
		{BB6F5D12-2DD1-4E3A-A93D-173CDC08BBE0}.Release|x86.ActiveCfg = Release|Win32
		{BB6F5D12-2DD1-4E3A-A93D-173CDC08BBE0}.Release|x86.Build.0 = Release|Win32
		{B3DD127B-2A5D-4680-B6DE-C85988A71AD5}.Debug|x64.ActiveCfg = Debug|x64
		{B3DD127B-2A5D-4680-B6DE-C85988A71AD5}.Debug|x64.Build.0 = Debug|x64
		{B3DD127B-2A5D-4680-B6DE-C85988A71AD5}.Debug|x86.ActiveCfg = Debug|Win32
		{B3DD127B-2A5D-4680-B6DE-C85988A71AD5}.Debug|x86.Build.0 = Debug|Win32
		{B3DD127B-2A5D-4680-B6DE-C85988A71AD5}.Release|x64.ActiveCfg = Release|x64
		{B3DD127B-2A5D-4680-B6DE-C85988A71AD5}.Release|x64.Build.0 = Release|x64
		{B3DD127B-2A5D-4680-B6DE-C85988A71AD5}.Release|x86.ActiveCfg = Release|Win32
		{B3DD127B-2A5D-4680-B6DE-C85988A71AD5}.Release|x86.Build.0 = Release|Win32
	EndGlobalSection
	GlobalSection(SolutionProperties) = preSolution
		HideSolutionNode = FALSE
	EndGlobalSection
	GlobalSection(ExtensibilityGlobals) = postSolution
		SolutionGuid = {2823938F-F142-433C-BF1A-097CB2DD048B}
	EndGlobalSection
EndGlobal
