
Microsoft Visual Studio Solution File, Format Version 12.00
# Visual Studio Version 17
VisualStudioVersion = 17.14.36109.1
MinimumVisualStudioVersion = 10.0.40219.1
Project("{8BC9CEB8-8B4A-11D0-8D11-00A0C91BC942}") = "Chapter3_8", "Chapter3_8\Chapter3_8.vcxproj", "{595DB191-4159-46C2-835E-D2FE26F6B4DC}"
EndProject
Project("{8BC9CEB8-8B4A-11D0-8D11-00A0C91BC942}") = "Chapter3_9", "Chapter3_9\Chapter3_9.vcxproj", "{F181CE65-E520-4818-8C4A-7AC9E2A838CB}"
EndProject
Project("{8BC9CEB8-8B4A-11D0-8D11-00A0C91BC942}") = "Chapter4_2", "Chapter4_2\Chapter4_2.vcxproj", "{D86D9DB5-71EB-464C-80EE-69F7538B4BDC}"
EndProject
Project("{8BC9CEB8-8B4A-11D0-8D11-00A0C91BC942}") = "Chapter5_10", "Chapter5_10\Chapter5_10.vcxproj", "{6BCB204E-375E-4520-BC82-58EDEF138C7F}"
EndProject
Project("{8BC9CEB8-8B4A-11D0-8D11-00A0C91BC942}") = "Chapter6_3", "Chapter6_3\Chapter6_3.vcxproj", "{058FB9FC-3B33-4AB1-972F-121DA238F9C7}"
EndProject
Project("{8BC9CEB8-8B4A-11D0-8D11-00A0C91BC942}") = "Chapter6_4", "Chapter6_4\Chapter6_4.vcxproj", "{DE259445-5068-4962-8EC8-7E165EA352BE}"
EndProject
Project("{8BC9CEB8-8B4A-11D0-8D11-00A0C91BC942}") = "Chapter6_6", "Chapter6_6\Chapter6_6.vcxproj", "{0DF537CE-F75E-4B42-B591-68120375260D}"
EndProject
Project("{8BC9CEB8-8B4A-11D0-8D11-00A0C91BC942}") = "Chapter7_13", "Chapter7_13\Chapter7_13.vcxproj", "{4D9FA564-493D-4E21-954F-FE3E813B68BD}"
EndProject
Project("{8BC9CEB8-8B4A-11D0-8D11-00A0C91BC942}") = "Chapter7_15", "Chapter7_15\Chapter7_15.vcxproj", "{08BF77A2-971D-4DD7-BA4D-2C8710458D60}"
EndProject
Project("{8BC9CEB8-8B4A-11D0-8D11-00A0C91BC942}") = "Chapter7_16", "Chapter7_16\Chapter7_16.vcxproj", "{85545F87-0617-43E4-AEC9-D82CB7698611}"
EndProject
Project("{8BC9CEB8-8B4A-11D0-8D11-00A0C91BC942}") = "Chapter8_11", "Chapter8_11\Chapter8_11.vcxproj", "{B344A1E2-B078-4E64-9DF3-04D2A7387861}"
EndProject
Global
	GlobalSection(SolutionConfigurationPlatforms) = preSolution
		Debug|x64 = Debug|x64
		Debug|x86 = Debug|x86
		Release|x64 = Release|x64
		Release|x86 = Release|x86
	EndGlobalSection
	GlobalSection(ProjectConfigurationPlatforms) = postSolution
		{595DB191-4159-46C2-835E-D2FE26F6B4DC}.Debug|x64.ActiveCfg = Debug|x64
		{595DB191-4159-46C2-835E-D2FE26F6B4DC}.Debug|x64.Build.0 = Debug|x64
		{595DB191-4159-46C2-835E-D2FE26F6B4DC}.Debug|x86.ActiveCfg = Debug|Win32
		{595DB191-4159-46C2-835E-D2FE26F6B4DC}.Debug|x86.Build.0 = Debug|Win32
		{595DB191-4159-46C2-835E-D2FE26F6B4DC}.Release|x64.ActiveCfg = Release|x64
		{595DB191-4159-46C2-835E-D2FE26F6B4DC}.Release|x64.Build.0 = Release|x64
		{595DB191-4159-46C2-835E-D2FE26F6B4DC}.Release|x86.ActiveCfg = Release|Win32
		{595DB191-4159-46C2-835E-D2FE26F6B4DC}.Release|x86.Build.0 = Release|Win32
		{F181CE65-E520-4818-8C4A-7AC9E2A838CB}.Debug|x64.ActiveCfg = Debug|x64
		{F181CE65-E520-4818-8C4A-7AC9E2A838CB}.Debug|x64.Build.0 = Debug|x64
		{F181CE65-E520-4818-8C4A-7AC9E2A838CB}.Debug|x86.ActiveCfg = Debug|Win32
		{F181CE65-E520-4818-8C4A-7AC9E2A838CB}.Debug|x86.Build.0 = Debug|Win32
		{F181CE65-E520-4818-8C4A-7AC9E2A838CB}.Release|x64.ActiveCfg = Release|x64
		{F181CE65-E520-4818-8C4A-7AC9E2A838CB}.Release|x64.Build.0 = Release|x64
		{F181CE65-E520-4818-8C4A-7AC9E2A838CB}.Release|x86.ActiveCfg = Release|Win32
		{F181CE65-E520-4818-8C4A-7AC9E2A838CB}.Release|x86.Build.0 = Release|Win32
		{D86D9DB5-71EB-464C-80EE-69F7538B4BDC}.Debug|x64.ActiveCfg = Debug|x64
		{D86D9DB5-71EB-464C-80EE-69F7538B4BDC}.Debug|x64.Build.0 = Debug|x64
		{D86D9DB5-71EB-464C-80EE-69F7538B4BDC}.Debug|x86.ActiveCfg = Debug|Win32
		{D86D9DB5-71EB-464C-80EE-69F7538B4BDC}.Debug|x86.Build.0 = Debug|Win32
		{D86D9DB5-71EB-464C-80EE-69F7538B4BDC}.Release|x64.ActiveCfg = Release|x64
		{D86D9DB5-71EB-464C-80EE-69F7538B4BDC}.Release|x64.Build.0 = Release|x64
		{D86D9DB5-71EB-464C-80EE-69F7538B4BDC}.Release|x86.ActiveCfg = Release|Win32
		{D86D9DB5-71EB-464C-80EE-69F7538B4BDC}.Release|x86.Build.0 = Release|Win32
		{6BCB204E-375E-4520-BC82-58EDEF138C7F}.Debug|x64.ActiveCfg = Debug|x64
		{6BCB204E-375E-4520-BC82-58EDEF138C7F}.Debug|x64.Build.0 = Debug|x64
		{6BCB204E-375E-4520-BC82-58EDEF138C7F}.Debug|x86.ActiveCfg = Debug|Win32
		{6BCB204E-375E-4520-BC82-58EDEF138C7F}.Debug|x86.Build.0 = Debug|Win32
		{6BCB204E-375E-4520-BC82-58EDEF138C7F}.Release|x64.ActiveCfg = Release|x64
		{6BCB204E-375E-4520-BC82-58EDEF138C7F}.Release|x64.Build.0 = Release|x64
		{6BCB204E-375E-4520-BC82-58EDEF138C7F}.Release|x86.ActiveCfg = Release|Win32
		{6BCB204E-375E-4520-BC82-58EDEF138C7F}.Release|x86.Build.0 = Release|Win32
		{058FB9FC-3B33-4AB1-972F-121DA238F9C7}.Debug|x64.ActiveCfg = Debug|x64
		{058FB9FC-3B33-4AB1-972F-121DA238F9C7}.Debug|x64.Build.0 = Debug|x64
		{058FB9FC-3B33-4AB1-972F-121DA238F9C7}.Debug|x86.ActiveCfg = Debug|Win32
		{058FB9FC-3B33-4AB1-972F-121DA238F9C7}.Debug|x86.Build.0 = Debug|Win32
		{058FB9FC-3B33-4AB1-972F-121DA238F9C7}.Release|x64.ActiveCfg = Release|x64
		{058FB9FC-3B33-4AB1-972F-121DA238F9C7}.Release|x64.Build.0 = Release|x64
		{058FB9FC-3B33-4AB1-972F-121DA238F9C7}.Release|x86.ActiveCfg = Release|Win32
		{058FB9FC-3B33-4AB1-972F-121DA238F9C7}.Release|x86.Build.0 = Release|Win32
		{DE259445-5068-4962-8EC8-7E165EA352BE}.Debug|x64.ActiveCfg = Debug|x64
		{DE259445-5068-4962-8EC8-7E165EA352BE}.Debug|x64.Build.0 = Debug|x64
		{DE259445-5068-4962-8EC8-7E165EA352BE}.Debug|x86.ActiveCfg = Debug|Win32
		{DE259445-5068-4962-8EC8-7E165EA352BE}.Debug|x86.Build.0 = Debug|Win32
		{DE259445-5068-4962-8EC8-7E165EA352BE}.Release|x64.ActiveCfg = Release|x64
		{DE259445-5068-4962-8EC8-7E165EA352BE}.Release|x64.Build.0 = Release|x64
		{DE259445-5068-4962-8EC8-7E165EA352BE}.Release|x86.ActiveCfg = Release|Win32
		{DE259445-5068-4962-8EC8-7E165EA352BE}.Release|x86.Build.0 = Release|Win32
		{0DF537CE-F75E-4B42-B591-68120375260D}.Debug|x64.ActiveCfg = Debug|x64
		{0DF537CE-F75E-4B42-B591-68120375260D}.Debug|x64.Build.0 = Debug|x64
		{0DF537CE-F75E-4B42-B591-68120375260D}.Debug|x86.ActiveCfg = Debug|Win32
		{0DF537CE-F75E-4B42-B591-68120375260D}.Debug|x86.Build.0 = Debug|Win32
		{0DF537CE-F75E-4B42-B591-68120375260D}.Release|x64.ActiveCfg = Release|x64
		{0DF537CE-F75E-4B42-B591-68120375260D}.Release|x64.Build.0 = Release|x64
		{0DF537CE-F75E-4B42-B591-68120375260D}.Release|x86.ActiveCfg = Release|Win32
		{0DF537CE-F75E-4B42-B591-68120375260D}.Release|x86.Build.0 = Release|Win32
		{4D9FA564-493D-4E21-954F-FE3E813B68BD}.Debug|x64.ActiveCfg = Debug|x64
		{4D9FA564-493D-4E21-954F-FE3E813B68BD}.Debug|x64.Build.0 = Debug|x64
		{4D9FA564-493D-4E21-954F-FE3E813B68BD}.Debug|x86.ActiveCfg = Debug|Win32
		{4D9FA564-493D-4E21-954F-FE3E813B68BD}.Debug|x86.Build.0 = Debug|Win32
		{4D9FA564-493D-4E21-954F-FE3E813B68BD}.Release|x64.ActiveCfg = Release|x64
		{4D9FA564-493D-4E21-954F-FE3E813B68BD}.Release|x64.Build.0 = Release|x64
		{4D9FA564-493D-4E21-954F-FE3E813B68BD}.Release|x86.ActiveCfg = Release|Win32
		{4D9FA564-493D-4E21-954F-FE3E813B68BD}.Release|x86.Build.0 = Release|Win32
		{08BF77A2-971D-4DD7-BA4D-2C8710458D60}.Debug|x64.ActiveCfg = Debug|x64
		{08BF77A2-971D-4DD7-BA4D-2C8710458D60}.Debug|x64.Build.0 = Debug|x64
		{08BF77A2-971D-4DD7-BA4D-2C8710458D60}.Debug|x86.ActiveCfg = Debug|Win32
		{08BF77A2-971D-4DD7-BA4D-2C8710458D60}.Debug|x86.Build.0 = Debug|Win32
		{08BF77A2-971D-4DD7-BA4D-2C8710458D60}.Release|x64.ActiveCfg = Release|x64
		{08BF77A2-971D-4DD7-BA4D-2C8710458D60}.Release|x64.Build.0 = Release|x64
		{08BF77A2-971D-4DD7-BA4D-2C8710458D60}.Release|x86.ActiveCfg = Release|Win32
		{08BF77A2-971D-4DD7-BA4D-2C8710458D60}.Release|x86.Build.0 = Release|Win32
		{85545F87-0617-43E4-AEC9-D82CB7698611}.Debug|x64.ActiveCfg = Debug|x64
		{85545F87-0617-43E4-AEC9-D82CB7698611}.Debug|x64.Build.0 = Debug|x64
		{85545F87-0617-43E4-AEC9-D82CB7698611}.Debug|x86.ActiveCfg = Debug|Win32
		{85545F87-0617-43E4-AEC9-D82CB7698611}.Debug|x86.Build.0 = Debug|Win32
		{85545F87-0617-43E4-AEC9-D82CB7698611}.Release|x64.ActiveCfg = Release|x64
		{85545F87-0617-43E4-AEC9-D82CB7698611}.Release|x64.Build.0 = Release|x64
		{85545F87-0617-43E4-AEC9-D82CB7698611}.Release|x86.ActiveCfg = Release|Win32
		{85545F87-0617-43E4-AEC9-D82CB7698611}.Release|x86.Build.0 = Release|Win32
		{B344A1E2-B078-4E64-9DF3-04D2A7387861}.Debug|x64.ActiveCfg = Debug|x64
		{B344A1E2-B078-4E64-9DF3-04D2A7387861}.Debug|x64.Build.0 = Debug|x64
		{B344A1E2-B078-4E64-9DF3-04D2A7387861}.Debug|x86.ActiveCfg = Debug|Win32
		{B344A1E2-B078-4E64-9DF3-04D2A7387861}.Debug|x86.Build.0 = Debug|Win32
		{B344A1E2-B078-4E64-9DF3-04D2A7387861}.Release|x64.ActiveCfg = Release|x64
		{B344A1E2-B078-4E64-9DF3-04D2A7387861}.Release|x64.Build.0 = Release|x64
		{B344A1E2-B078-4E64-9DF3-04D2A7387861}.Release|x86.ActiveCfg = Release|Win32
		{B344A1E2-B078-4E64-9DF3-04D2A7387861}.Release|x86.Build.0 = Release|Win32
	EndGlobalSection
	GlobalSection(SolutionProperties) = preSolution
		HideSolutionNode = FALSE
	EndGlobalSection
	GlobalSection(ExtensibilityGlobals) = postSolution
		SolutionGuid = {2823938F-F142-433C-BF1A-097CB2DD048B}
	EndGlobalSection
EndGlobal
